
Microsoft Visual Studio Solution File, Format Version 12.00
# Visual Studio Version 17
VisualStudioVersion = 17.14.36518.9 d17.14
MinimumVisualStudioVersion = 10.0.40219.1
Project("{FAE04EC0-301F-11D3-BF4B-00C04F79EFBC}") = "Sky_High_Super_Hero_Academy", "Sky_High_Super_Hero_Academy\Sky_High_Super_Hero_Academy.csproj", "{193BBBCD-849F-492D-945E-15B733F6F515}"
EndProject
Global
	GlobalSection(SolutionConfigurationPlatforms) = preSolution
		Debug|Any CPU = Debug|Any CPU
		Release|Any CPU = Release|Any CPU
	EndGlobalSection
	GlobalSection(ProjectConfigurationPlatforms) = postSolution
		{193BBBCD-849F-492D-945E-15B733F6F515}.Debug|Any CPU.ActiveCfg = Debug|Any CPU
		{193BBBCD-849F-492D-945E-15B733F6F515}.Debug|Any CPU.Build.0 = Debug|Any CPU
		{193BBBCD-849F-492D-945E-15B733F6F515}.Release|Any CPU.ActiveCfg = Release|Any CPU
		{193BBBCD-849F-492D-945E-15B733F6F515}.Release|Any CPU.Build.0 = Release|Any CPU
	EndGlobalSection
	GlobalSection(SolutionProperties) = preSolution
		HideSolutionNode = FALSE
	EndGlobalSection
	GlobalSection(ExtensibilityGlobals) = postSolution
		SolutionGuid = {C2A8E41F-805B-4781-AA63-220B899A0004}
	EndGlobalSection
EndGlobal
